
Microsoft Visual Studio Solution File, Format Version 12.00
# Visual Studio Version 17
VisualStudioVersion = 17.0.31903.59
MinimumVisualStudioVersion = 10.0.40219.1
Project("{FAE04EC0-301F-11D3-BF4B-00C04F79EFBC}") = "API", "API\API.csproj", "{1F5C7401-FDEB-40E3-8324-E6B9874C22EF}"
EndProject
Project("{FAE04EC0-301F-11D3-BF4B-00C04F79EFBC}") = "Application", "Application\Application.csproj", "{19BA4D4D-76B5-403A-8B73-3C43A2A287D4}"
EndProject
Project("{FAE04EC0-301F-11D3-BF4B-00C04F79EFBC}") = "Domain", "Domain\Domain.csproj", "{280ED62E-FE50-4507-B859-E020A3D8FA7F}"
EndProject
Project("{FAE04EC0-301F-11D3-BF4B-00C04F79EFBC}") = "Persistence", "Persistence\Persistence.csproj", "{6478DE47-AB71-4EAE-A104-80FB7CC41263}"
EndProject
Global
	GlobalSection(SolutionConfigurationPlatforms) = preSolution
		Debug|Any CPU = Debug|Any CPU
		Release|Any CPU = Release|Any CPU
	EndGlobalSection
	GlobalSection(SolutionProperties) = preSolution
		HideSolutionNode = FALSE
	EndGlobalSection
	GlobalSection(ProjectConfigurationPlatforms) = postSolution
		{1F5C7401-FDEB-40E3-8324-E6B9874C22EF}.Debug|Any CPU.ActiveCfg = Debug|Any CPU
		{1F5C7401-FDEB-40E3-8324-E6B9874C22EF}.Debug|Any CPU.Build.0 = Debug|Any CPU
		{1F5C7401-FDEB-40E3-8324-E6B9874C22EF}.Release|Any CPU.ActiveCfg = Release|Any CPU
		{1F5C7401-FDEB-40E3-8324-E6B9874C22EF}.Release|Any CPU.Build.0 = Release|Any CPU
		{19BA4D4D-76B5-403A-8B73-3C43A2A287D4}.Debug|Any CPU.ActiveCfg = Debug|Any CPU
		{19BA4D4D-76B5-403A-8B73-3C43A2A287D4}.Debug|Any CPU.Build.0 = Debug|Any CPU
		{19BA4D4D-76B5-403A-8B73-3C43A2A287D4}.Release|Any CPU.ActiveCfg = Release|Any CPU
		{19BA4D4D-76B5-403A-8B73-3C43A2A287D4}.Release|Any CPU.Build.0 = Release|Any CPU
		{280ED62E-FE50-4507-B859-E020A3D8FA7F}.Debug|Any CPU.ActiveCfg = Debug|Any CPU
		{280ED62E-FE50-4507-B859-E020A3D8FA7F}.Debug|Any CPU.Build.0 = Debug|Any CPU
		{280ED62E-FE50-4507-B859-E020A3D8FA7F}.Release|Any CPU.ActiveCfg = Release|Any CPU
		{280ED62E-FE50-4507-B859-E020A3D8FA7F}.Release|Any CPU.Build.0 = Release|Any CPU
		{6478DE47-AB71-4EAE-A104-80FB7CC41263}.Debug|Any CPU.ActiveCfg = Debug|Any CPU
		{6478DE47-AB71-4EAE-A104-80FB7CC41263}.Debug|Any CPU.Build.0 = Debug|Any CPU
		{6478DE47-AB71-4EAE-A104-80FB7CC41263}.Release|Any CPU.ActiveCfg = Release|Any CPU
		{6478DE47-AB71-4EAE-A104-80FB7CC41263}.Release|Any CPU.Build.0 = Release|Any CPU
	EndGlobalSection
EndGlobal
